// !$*UTF8*$!
{
	archiveVersion = 1;
	classes = {
	};
	objectVersion = 50;
	objects = {

/* Begin PBXBuildFile section */
		49B9038C2372FC1400D0BE68 /* AppDelegate.swift in Sources */ = {isa = PBXBuildFile; fileRef = 49B9038B2372FC1400D0BE68 /* AppDelegate.swift */; };
		49B9038E2372FC1400D0BE68 /* SceneDelegate.swift in Sources */ = {isa = PBXBuildFile; fileRef = 49B9038D2372FC1400D0BE68 /* SceneDelegate.swift */; };
		49B903902372FC1400D0BE68 /* LoginViewController.swift in Sources */ = {isa = PBXBuildFile; fileRef = 49B9038F2372FC1400D0BE68 /* LoginViewController.swift */; };
		49B903932372FC1400D0BE68 /* Main.storyboard in Resources */ = {isa = PBXBuildFile; fileRef = 49B903912372FC1400D0BE68 /* Main.storyboard */; };
		49B903952372FC1500D0BE68 /* Assets.xcassets in Resources */ = {isa = PBXBuildFile; fileRef = 49B903942372FC1500D0BE68 /* Assets.xcassets */; };
		49B903982372FC1500D0BE68 /* LaunchScreen.storyboard in Resources */ = {isa = PBXBuildFile; fileRef = 49B903962372FC1500D0BE68 /* LaunchScreen.storyboard */; };
		49B903A12372FC8400D0BE68 /* TasksViewController.swift in Sources */ = {isa = PBXBuildFile; fileRef = 49B903A02372FC8400D0BE68 /* TasksViewController.swift */; };
/* End PBXBuildFile section */

/* Begin PBXFileReference section */
		49B903882372FC1400D0BE68 /* ToDo-Firebase.app */ = {isa = PBXFileReference; explicitFileType = wrapper.application; includeInIndex = 0; path = "ToDo-Firebase.app"; sourceTree = BUILT_PRODUCTS_DIR; };
		49B9038B2372FC1400D0BE68 /* AppDelegate.swift */ = {isa = PBXFileReference; lastKnownFileType = sourcecode.swift; path = AppDelegate.swift; sourceTree = "<group>"; };
		49B9038D2372FC1400D0BE68 /* SceneDelegate.swift */ = {isa = PBXFileReference; lastKnownFileType = sourcecode.swift; path = SceneDelegate.swift; sourceTree = "<group>"; };
		49B9038F2372FC1400D0BE68 /* LoginViewController.swift */ = {isa = PBXFileReference; lastKnownFileType = sourcecode.swift; path = LoginViewController.swift; sourceTree = "<group>"; };
		49B903922372FC1400D0BE68 /* Base */ = {isa = PBXFileReference; lastKnownFileType = file.storyboard; name = Base; path = Base.lproj/Main.storyboard; sourceTree = "<group>"; };
		49B903942372FC1500D0BE68 /* Assets.xcassets */ = {isa = PBXFileReference; lastKnownFileType = folder.assetcatalog; path = Assets.xcassets; sourceTree = "<group>"; };
		49B903972372FC1500D0BE68 /* Base */ = {isa = PBXFileReference; lastKnownFileType = file.storyboard; name = Base; path = Base.lproj/LaunchScreen.storyboard; sourceTree = "<group>"; };
		49B903992372FC1500D0BE68 /* Info.plist */ = {isa = PBXFileReference; lastKnownFileType = text.plist.xml; path = Info.plist; sourceTree = "<group>"; };
		49B903A02372FC8400D0BE68 /* TasksViewController.swift */ = {isa = PBXFileReference; lastKnownFileType = sourcecode.swift; path = TasksViewController.swift; sourceTree = "<group>"; };
/* End PBXFileReference section */

/* Begin PBXFrameworksBuildPhase section */
		49B903852372FC1400D0BE68 /* Frameworks */ = {
			isa = PBXFrameworksBuildPhase;
			buildActionMask = 2147483647;
			files = (
			);
			runOnlyForDeploymentPostprocessing = 0;
		};
/* End PBXFrameworksBuildPhase section */

/* Begin PBXGroup section */
		49270B5F2374078000550ED8 /* Model */ = {
			isa = PBXGroup;
			children = (
			);
			path = Model;
			sourceTree = "<group>";
		};
		49B9037F2372FC1400D0BE68 = {
			isa = PBXGroup;
			children = (
				49B9038A2372FC1400D0BE68 /* ToDo-Firebase */,
				49B903892372FC1400D0BE68 /* Products */,
			);
			sourceTree = "<group>";
		};
		49B903892372FC1400D0BE68 /* Products */ = {
			isa = PBXGroup;
			children = (
				49B903882372FC1400D0BE68 /* ToDo-Firebase.app */,
			);
			name = Products;
			sourceTree = "<group>";
		};
		49B9038A2372FC1400D0BE68 /* ToDo-Firebase */ = {
			isa = PBXGroup;
			children = (
				49270B5F2374078000550ED8 /* Model */,
				49B9039F2372FC5100D0BE68 /* VC */,
				49B9038B2372FC1400D0BE68 /* AppDelegate.swift */,
				49B9038D2372FC1400D0BE68 /* SceneDelegate.swift */,
				49B903912372FC1400D0BE68 /* Main.storyboard */,
				49B903942372FC1500D0BE68 /* Assets.xcassets */,
				49B903962372FC1500D0BE68 /* LaunchScreen.storyboard */,
				49B903992372FC1500D0BE68 /* Info.plist */,
			);
			path = "ToDo-Firebase";
			sourceTree = "<group>";
		};
		49B9039F2372FC5100D0BE68 /* VC */ = {
			isa = PBXGroup;
			children = (
				49B9038F2372FC1400D0BE68 /* LoginViewController.swift */,
				49B903A02372FC8400D0BE68 /* TasksViewController.swift */,
			);
			path = VC;
			sourceTree = "<group>";
		};
/* End PBXGroup section */

/* Begin PBXNativeTarget section */
		49B903872372FC1400D0BE68 /* ToDo-Firebase */ = {
			isa = PBXNativeTarget;
			buildConfigurationList = 49B9039C2372FC1500D0BE68 /* Build configuration list for PBXNativeTarget "ToDo-Firebase" */;
			buildPhases = (
				49B903842372FC1400D0BE68 /* Sources */,
				49B903852372FC1400D0BE68 /* Frameworks */,
				49B903862372FC1400D0BE68 /* Resources */,
			);
			buildRules = (
			);
			dependencies = (
			);
			name = "ToDo-Firebase";
			productName = "ToDo-Firebase";
			productReference = 49B903882372FC1400D0BE68 /* ToDo-Firebase.app */;
			productType = "com.apple.product-type.application";
		};
/* End PBXNativeTarget section */

/* Begin PBXProject section */
		49B903802372FC1400D0BE68 /* Project object */ = {
			isa = PBXProject;
			attributes = {
				LastSwiftUpdateCheck = 1110;
				LastUpgradeCheck = 1110;
				ORGANIZATIONNAME = "Alexey Makarov";
				TargetAttributes = {
					49B903872372FC1400D0BE68 = {
						CreatedOnToolsVersion = 11.1;
					};
				};
			};
			buildConfigurationList = 49B903832372FC1400D0BE68 /* Build configuration list for PBXProject "ToDo-Firebase" */;
			compatibilityVersion = "Xcode 9.3";
			developmentRegion = en;
			hasScannedForEncodings = 0;
			knownRegions = (
				en,
				Base,
			);
			mainGroup = 49B9037F2372FC1400D0BE68;
			productRefGroup = 49B903892372FC1400D0BE68 /* Products */;
			projectDirPath = "";
			projectRoot = "";
			targets = (
				49B903872372FC1400D0BE68 /* ToDo-Firebase */,
			);
		};
/* End PBXProject section */

/* Begin PBXResourcesBuildPhase section */
		49B903862372FC1400D0BE68 /* Resources */ = {
			isa = PBXResourcesBuildPhase;
			buildActionMask = 2147483647;
			files = (
				49B903982372FC1500D0BE68 /* LaunchScreen.storyboard in Resources */,
				49B903952372FC1500D0BE68 /* Assets.xcassets in Resources */,
				49B903932372FC1400D0BE68 /* Main.storyboard in Resources */,
			);
			runOnlyForDeploymentPostprocessing = 0;
		};
/* End PBXResourcesBuildPhase section */

/* Begin PBXSourcesBuildPhase section */
		49B903842372FC1400D0BE68 /* Sources */ = {
			isa = PBXSourcesBuildPhase;
			buildActionMask = 2147483647;
			files = (
				49B903902372FC1400D0BE68 /* LoginViewController.swift in Sources */,
				49B903A12372FC8400D0BE68 /* TasksViewController.swift in Sources */,
				49B9038C2372FC1400D0BE68 /* AppDelegate.swift in Sources */,
				49B9038E2372FC1400D0BE68 /* SceneDelegate.swift in Sources */,
			);
			runOnlyForDeploymentPostprocessing = 0;
		};
/* End PBXSourcesBuildPhase section */

/* Begin PBXVariantGroup section */
		49B903912372FC1400D0BE68 /* Main.storyboard */ = {
			isa = PBXVariantGroup;
			children = (
				49B903922372FC1400D0BE68 /* Base */,
			);
			name = Main.storyboard;
			sourceTree = "<group>";
		};
		49B903962372FC1500D0BE68 /* LaunchScreen.storyboard */ = {
			isa = PBXVariantGroup;
			children = (
				49B903972372FC1500D0BE68 /* Base */,
			);
			name = LaunchScreen.storyboard;
			sourceTree = "<group>";
		};
/* End PBXVariantGroup section */

/* Begin XCBuildConfiguration section */
		49B9039A2372FC1500D0BE68 /* Debug */ = {
			isa = XCBuildConfiguration;
			buildSettings = {
				ALWAYS_SEARCH_USER_PATHS = NO;
				CLANG_ANALYZER_NONNULL = YES;
				CLANG_ANALYZER_NUMBER_OBJECT_CONVERSION = YES_AGGRESSIVE;
				CLANG_CXX_LANGUAGE_STANDARD = "gnu++14";
				CLANG_CXX_LIBRARY = "libc++";
				CLANG_ENABLE_MODULES = YES;
				CLANG_ENABLE_OBJC_ARC = YES;
				CLANG_ENABLE_OBJC_WEAK = YES;
				CLANG_WARN_BLOCK_CAPTURE_AUTORELEASING = YES;
				CLANG_WARN_BOOL_CONVERSION = YES;
				CLANG_WARN_COMMA = YES;
				CLANG_WARN_CONSTANT_CONVERSION = YES;
				CLANG_WARN_DEPRECATED_OBJC_IMPLEMENTATIONS = YES;
				CLANG_WARN_DIRECT_OBJC_ISA_USAGE = YES_ERROR;
				CLANG_WARN_DOCUMENTATION_COMMENTS = YES;
				CLANG_WARN_EMPTY_BODY = YES;
				CLANG_WARN_ENUM_CONVERSION = YES;
				CLANG_WARN_INFINITE_RECURSION = YES;
				CLANG_WARN_INT_CONVERSION = YES;
				CLANG_WARN_NON_LITERAL_NULL_CONVERSION = YES;
				CLANG_WARN_OBJC_IMPLICIT_RETAIN_SELF = YES;
				CLANG_WARN_OBJC_LITERAL_CONVERSION = YES;
				CLANG_WARN_OBJC_ROOT_CLASS = YES_ERROR;
				CLANG_WARN_RANGE_LOOP_ANALYSIS = YES;
				CLANG_WARN_STRICT_PROTOTYPES = YES;
				CLANG_WARN_SUSPICIOUS_MOVE = YES;
				CLANG_WARN_UNGUARDED_AVAILABILITY = YES_AGGRESSIVE;
				CLANG_WARN_UNREACHABLE_CODE = YES;
				CLANG_WARN__DUPLICATE_METHOD_MATCH = YES;
				COPY_PHASE_STRIP = NO;
				DEBUG_INFORMATION_FORMAT = dwarf;
				ENABLE_STRICT_OBJC_MSGSEND = YES;
				ENABLE_TESTABILITY = YES;
				GCC_C_LANGUAGE_STANDARD = gnu11;
				GCC_DYNAMIC_NO_PIC = NO;
				GCC_NO_COMMON_BLOCKS = YES;
				GCC_OPTIMIZATION_LEVEL = 0;
				GCC_PREPROCESSOR_DEFINITIONS = (
					"DEBUG=1",
					"$(inherited)",
				);
				GCC_WARN_64_TO_32_BIT_CONVERSION = YES;
				GCC_WARN_ABOUT_RETURN_TYPE = YES_ERROR;
				GCC_WARN_UNDECLARED_SELECTOR = YES;
				GCC_WARN_UNINITIALIZED_AUTOS = YES_AGGRESSIVE;
				GCC_WARN_UNUSED_FUNCTION = YES;
				GCC_WARN_UNUSED_VARIABLE = YES;
				IPHONEOS_DEPLOYMENT_TARGET = 13.1;
				MTL_ENABLE_DEBUG_INFO = INCLUDE_SOURCE;
				MTL_FAST_MATH = YES;
				ONLY_ACTIVE_ARCH = YES;
				SDKROOT = iphoneos;
				SWIFT_ACTIVE_COMPILATION_CONDITIONS = DEBUG;
				SWIFT_OPTIMIZATION_LEVEL = "-Onone";
			};
			name = Debug;
		};
		49B9039B2372FC1500D0BE68 /* Release */ = {
			isa = XCBuildConfiguration;
			buildSettings = {
				ALWAYS_SEARCH_USER_PATHS = NO;
				CLANG_ANALYZER_NONNULL = YES;
				CLANG_ANALYZER_NUMBER_OBJECT_CONVERSION = YES_AGGRESSIVE;
				CLANG_CXX_LANGUAGE_STANDARD = "gnu++14";
				CLANG_CXX_LIBRARY = "libc++";
				CLANG_ENABLE_MODULES = YES;
				CLANG_ENABLE_OBJC_ARC = YES;
				CLANG_ENABLE_OBJC_WEAK = YES;
				CLANG_WARN_BLOCK_CAPTURE_AUTORELEASING = YES;
				CLANG_WARN_BOOL_CONVERSION = YES;
				CLANG_WARN_COMMA = YES;
				CLANG_WARN_CONSTANT_CONVERSION = YES;
				CLANG_WARN_DEPRECATED_OBJC_IMPLEMENTATIONS = YES;
				CLANG_WARN_DIRECT_OBJC_ISA_USAGE = YES_ERROR;
				CLANG_WARN_DOCUMENTATION_COMMENTS = YES;
				CLANG_WARN_EMPTY_BODY = YES;
				CLANG_WARN_ENUM_CONVERSION = YES;
				CLANG_WARN_INFINITE_RECURSION = YES;
				CLANG_WARN_INT_CONVERSION = YES;
				CLANG_WARN_NON_LITERAL_NULL_CONVERSION = YES;
				CLANG_WARN_OBJC_IMPLICIT_RETAIN_SELF = YES;
				CLANG_WARN_OBJC_LITERAL_CONVERSION = YES;
				CLANG_WARN_OBJC_ROOT_CLASS = YES_ERROR;
				CLANG_WARN_RANGE_LOOP_ANALYSIS = YES;
				CLANG_WARN_STRICT_PROTOTYPES = YES;
				CLANG_WARN_SUSPICIOUS_MOVE = YES;
				CLANG_WARN_UNGUARDED_AVAILABILITY = YES_AGGRESSIVE;
				CLANG_WARN_UNREACHABLE_CODE = YES;
				CLANG_WARN__DUPLICATE_METHOD_MATCH = YES;
				COPY_PHASE_STRIP = NO;
				DEBUG_INFORMATION_FORMAT = "dwarf-with-dsym";
				ENABLE_NS_ASSERTIONS = NO;
				ENABLE_STRICT_OBJC_MSGSEND = YES;
				GCC_C_LANGUAGE_STANDARD = gnu11;
				GCC_NO_COMMON_BLOCKS = YES;
				GCC_WARN_64_TO_32_BIT_CONVERSION = YES;
				GCC_WARN_ABOUT_RETURN_TYPE = YES_ERROR;
				GCC_WARN_UNDECLARED_SELECTOR = YES;
				GCC_WARN_UNINITIALIZED_AUTOS = YES_AGGRESSIVE;
				GCC_WARN_UNUSED_FUNCTION = YES;
				GCC_WARN_UNUSED_VARIABLE = YES;
				IPHONEOS_DEPLOYMENT_TARGET = 13.1;
				MTL_ENABLE_DEBUG_INFO = NO;
				MTL_FAST_MATH = YES;
				SDKROOT = iphoneos;
				SWIFT_COMPILATION_MODE = wholemodule;
				SWIFT_OPTIMIZATION_LEVEL = "-O";
				VALIDATE_PRODUCT = YES;
			};
			name = Release;
		};
		49B9039D2372FC1500D0BE68 /* Debug */ = {
			isa = XCBuildConfiguration;
			buildSettings = {
				ASSETCATALOG_COMPILER_APPICON_NAME = AppIcon;
				CODE_SIGN_STYLE = Automatic;
				DEVELOPMENT_TEAM = CKWSAD96UP;
				INFOPLIST_FILE = "ToDo-Firebase/Info.plist";
				LD_RUNPATH_SEARCH_PATHS = (
					"$(inherited)",
					"@executable_path/Frameworks",
				);
				PRODUCT_BUNDLE_IDENTIFIER = "AM.ToDo-Firebase";
				PRODUCT_NAME = "$(TARGET_NAME)";
				SWIFT_VERSION = 5.0;
				TARGETED_DEVICE_FAMILY = "1,2";
			};
			name = Debug;
		};
		49B9039E2372FC1500D0BE68 /* Release */ = {
			isa = XCBuildConfiguration;
			buildSettings = {
				ASSETCATALOG_COMPILER_APPICON_NAME = AppIcon;
				CODE_SIGN_STYLE = Automatic;
				DEVELOPMENT_TEAM = CKWSAD96UP;
				INFOPLIST_FILE = "ToDo-Firebase/Info.plist";
				LD_RUNPATH_SEARCH_PATHS = (
					"$(inherited)",
					"@executable_path/Frameworks",
				);
				PRODUCT_BUNDLE_IDENTIFIER = "AM.ToDo-Firebase";
				PRODUCT_NAME = "$(TARGET_NAME)";
				SWIFT_VERSION = 5.0;
				TARGETED_DEVICE_FAMILY = "1,2";
			};
			name = Release;
		};
/* End XCBuildConfiguration section */

/* Begin XCConfigurationList section */
		49B903832372FC1400D0BE68 /* Build configuration list for PBXProject "ToDo-Firebase" */ = {
			isa = XCConfigurationList;
			buildConfigurations = (
				49B9039A2372FC1500D0BE68 /* Debug */,
				49B9039B2372FC1500D0BE68 /* Release */,
			);
			defaultConfigurationIsVisible = 0;
			defaultConfigurationName = Release;
		};
		49B9039C2372FC1500D0BE68 /* Build configuration list for PBXNativeTarget "ToDo-Firebase" */ = {
			isa = XCConfigurationList;
			buildConfigurations = (
				49B9039D2372FC1500D0BE68 /* Debug */,
				49B9039E2372FC1500D0BE68 /* Release */,
			);
			defaultConfigurationIsVisible = 0;
			defaultConfigurationName = Release;
		};
/* End XCConfigurationList section */
	};
	rootObject = 49B903802372FC1400D0BE68 /* Project object */;
}
